<?xml version="1.0" encoding="utf-8"?>
<Project ToolsVersion="14.0" xmlns="http://schemas.microsoft.com/developer/msbuild/2003">
  <ItemGroup>
    <Filter Include="Data">
      <UniqueIdentifier>{6566fd7f-fbbc-4e51-8201-26749b3b3129}</UniqueIdentifier>
    </Filter>
    <Filter Include="Data\il2cpp_data\etc\mono">
      <UniqueIdentifier>{762cf058-19f9-473b-8dea-606954a3b9d9}</UniqueIdentifier>
    </Filter>
    <Filter Include="Data\il2cpp_data\etc\mono\2.0">
      <UniqueIdentifier>{34e2adf4-f2e2-450e-ba6c-24af06b87ea7}</UniqueIdentifier>
    </Filter>
    <Filter Include="Data\il2cpp_data\etc\mono\2.0\Browsers">
      <UniqueIdentifier>{f407f0c3-dd30-49ed-b993-31c35f34d1a4}</UniqueIdentifier>
    </Filter>
    <Filter Include="Data\il2cpp_data\etc\mono\4.0">
      <UniqueIdentifier>{67f6e2ed-2e30-46fa-91dc-3ada84cad6a9}</UniqueIdentifier>
    </Filter>
    <Filter Include="Data\il2cpp_data\etc\mono\4.0\Browsers">
      <UniqueIdentifier>{e25b9ae3-91b6-4851-aff6-2c2da69b49f9}</UniqueIdentifier>
    </Filter>
    <Filter Include="Data\il2cpp_data\etc\mono\4.5">
      <UniqueIdentifier>{4a5f0421-4ce2-4851-a382-e2c55e6e1281}</UniqueIdentifier>
    </Filter>
    <Filter Include="Data\il2cpp_data\etc\mono\4.5\Browsers">
      <UniqueIdentifier>{15013fe9-6845-4c8a-885e-24c367a960a6}</UniqueIdentifier>
    </Filter>
    <Filter Include="Data\il2cpp_data\etc\mono\mconfig">
      <UniqueIdentifier>{cd281dd0-31d4-42d5-8ef7-c19674c9a191}</UniqueIdentifier>
    </Filter>
    <Filter Include="Data\il2cpp_data\Metadata">
      <UniqueIdentifier>{0e143fda-a9c8-4117-8767-48a1d599261e}</UniqueIdentifier>
    </Filter>
    <Filter Include="Data\il2cpp_data\Resources">
      <UniqueIdentifier>{78533f5d-3497-4d83-b39f-f61bd6ee2ff5}</UniqueIdentifier>
    </Filter>
    <Filter Include="Data\Resources">
      <UniqueIdentifier>{99f557c9-8baa-484f-935d-4fd0b644d661}</UniqueIdentifier>
    </Filter>
    <Filter Include="Data\il2cpp_data\etc">
      <UniqueIdentifier>{b795a182-ba6b-4ed0-832a-b209c29cba22}</UniqueIdentifier>
    </Filter>
    <Filter Include="Data\il2cpp_data">
      <UniqueIdentifier>{9f6f0c64-251d-474c-b645-dfca4308a542}</UniqueIdentifier>
    </Filter>
    <Resource Include="$(MSBuildThisFileDirectory)Resource.res" />
    <None Include="$(MSBuildThisFileDirectory)StoreManifest.xml" />
    <ClCompile Include="$(MSBuildThisFileDirectory)UnityGenerated.cpp" />
    <ClInclude Include="$(MSBuildThisFileDirectory)UnityGenerated.h" />
    <None Include="$(MSBuildThisFileDirectory)Data\boot.config">
      <Filter>Data</Filter>
    </None>
    <None Include="$(MSBuildThisFileDirectory)Data\globalgamemanagers">
      <Filter>Data</Filter>
    </None>
    <None Include="$(MSBuildThisFileDirectory)Data\globalgamemanagers.assets">
      <Filter>Data</Filter>
    </None>
    <None Include="$(MSBuildThisFileDirectory)Data\level0">
      <Filter>Data</Filter>
    </None>
    <None Include="$(MSBuildThisFileDirectory)Data\level0.resS">
      <Filter>Data</Filter>
    </None>
    <None Include="$(MSBuildThisFileDirectory)Data\nativePlugins.txt">
      <Filter>Data</Filter>
    </None>
    <None Include="$(MSBuildThisFileDirectory)Data\resources.assets">
      <Filter>Data</Filter>
    </None>
    <None Include="$(MSBuildThisFileDirectory)Data\resources.assets.resS">
      <Filter>Data</Filter>
    </None>
    <None Include="$(MSBuildThisFileDirectory)Data\sharedassets0.assets">
      <Filter>Data</Filter>
    </None>
    <None Include="$(MSBuildThisFileDirectory)Data\sharedassets0.assets.resS">
      <Filter>Data</Filter>
    </None>
    <None Include="$(MSBuildThisFileDirectory)Data\il2cpp_data\etc\mono\browscap.ini">
      <Filter>Data\il2cpp_data\etc\mono</Filter>
    </None>
    <None Include="$(MSBuildThisFileDirectory)Data\il2cpp_data\etc\mono\config">
      <Filter>Data\il2cpp_data\etc\mono</Filter>
    </None>
    <None Include="$(MSBuildThisFileDirectory)Data\il2cpp_data\etc\mono\2.0\DefaultWsdlHelpGenerator.aspx">
      <Filter>Data\il2cpp_data\etc\mono\2.0</Filter>
    </None>
    <None Include="$(MSBuildThisFileDirectory)Data\il2cpp_data\etc\mono\2.0\machine.config">
      <Filter>Data\il2cpp_data\etc\mono\2.0</Filter>
    </None>
    <None Include="$(MSBuildThisFileDirectory)Data\il2cpp_data\etc\mono\2.0\settings.map">
      <Filter>Data\il2cpp_data\etc\mono\2.0</Filter>
    </None>
    <None Include="$(MSBuildThisFileDirectory)Data\il2cpp_data\etc\mono\2.0\web.config">
      <Filter>Data\il2cpp_data\etc\mono\2.0</Filter>
    </None>
    <None Include="$(MSBuildThisFileDirectory)Data\il2cpp_data\etc\mono\2.0\Browsers\Compat.browser">
      <Filter>Data\il2cpp_data\etc\mono\2.0\Browsers</Filter>
    </None>
    <None Include="$(MSBuildThisFileDirectory)Data\il2cpp_data\etc\mono\4.0\DefaultWsdlHelpGenerator.aspx">
      <Filter>Data\il2cpp_data\etc\mono\4.0</Filter>
    </None>
    <None Include="$(MSBuildThisFileDirectory)Data\il2cpp_data\etc\mono\4.0\machine.config">
      <Filter>Data\il2cpp_data\etc\mono\4.0</Filter>
    </None>
    <None Include="$(MSBuildThisFileDirectory)Data\il2cpp_data\etc\mono\4.0\settings.map">
      <Filter>Data\il2cpp_data\etc\mono\4.0</Filter>
    </None>
    <None Include="$(MSBuildThisFileDirectory)Data\il2cpp_data\etc\mono\4.0\web.config">
      <Filter>Data\il2cpp_data\etc\mono\4.0</Filter>
    </None>
    <None Include="$(MSBuildThisFileDirectory)Data\il2cpp_data\etc\mono\4.0\Browsers\Compat.browser">
      <Filter>Data\il2cpp_data\etc\mono\4.0\Browsers</Filter>
    </None>
    <None Include="$(MSBuildThisFileDirectory)Data\il2cpp_data\etc\mono\4.5\DefaultWsdlHelpGenerator.aspx">
      <Filter>Data\il2cpp_data\etc\mono\4.5</Filter>
    </None>
    <None Include="$(MSBuildThisFileDirectory)Data\il2cpp_data\etc\mono\4.5\machine.config">
      <Filter>Data\il2cpp_data\etc\mono\4.5</Filter>
    </None>
    <None Include="$(MSBuildThisFileDirectory)Data\il2cpp_data\etc\mono\4.5\settings.map">
      <Filter>Data\il2cpp_data\etc\mono\4.5</Filter>
    </None>
    <None Include="$(MSBuildThisFileDirectory)Data\il2cpp_data\etc\mono\4.5\web.config">
      <Filter>Data\il2cpp_data\etc\mono\4.5</Filter>
    </None>
    <None Include="$(MSBuildThisFileDirectory)Data\il2cpp_data\etc\mono\4.5\Browsers\Compat.browser">
      <Filter>Data\il2cpp_data\etc\mono\4.5\Browsers</Filter>
    </None>
    <None Include="$(MSBuildThisFileDirectory)Data\il2cpp_data\etc\mono\mconfig\config.xml">
      <Filter>Data\il2cpp_data\etc\mono\mconfig</Filter>
    </None>
    <None Include="$(MSBuildThisFileDirectory)Data\il2cpp_data\Metadata\global-metadata.dat">
      <Filter>Data\il2cpp_data\Metadata</Filter>
    </None>
    <None Include="$(MSBuildThisFileDirectory)Data\il2cpp_data\Resources\I18N.CJK.dll-resources.dat">
      <Filter>Data\il2cpp_data\Resources</Filter>
    </None>
    <None Include="$(MSBuildThisFileDirectory)Data\il2cpp_data\Resources\mscorlib.dll-resources.dat">
      <Filter>Data\il2cpp_data\Resources</Filter>
    </None>
    <None Include="$(MSBuildThisFileDirectory)Data\il2cpp_data\Resources\Newtonsoft.Json.dll-resources.dat">
      <Filter>Data\il2cpp_data\Resources</Filter>
    </None>
    <None Include="$(MSBuildThisFileDirectory)Data\Resources\unity default resources">
      <Filter>Data\Resources</Filter>
    </None>
    <None Include="$(MSBuildThisFileDirectory)Data\Resources\unity_builtin_extra">
      <Filter>Data\Resources</Filter>
    </None>
    <None Include="$(MSBuildThisFileDirectory)AudioPluginMsHRTF.dll" />
  </ItemGroup>
  <ItemGroup>
    <None Include="$(OutDir)GameAssembly.dll" />
    <None Include="$(OutDir)GameAssembly.pdb" />
  </ItemGroup>
</Project>